
Microsoft Visual Studio Solution File, Format Version 12.00
# Visual Studio 15
VisualStudioVersion = 15.0.28010.2016
MinimumVisualStudioVersion = 10.0.40219.1
Project("{FAE04EC0-301F-11D3-BF4B-00C04F79EFBC}") = "Arrays_DS", "Arrays_DS\Arrays_DS.csproj", "{30CF063B-1FF9-4332-919A-97CF518C12EF}"
EndProject
Global
	GlobalSection(SolutionConfigurationPlatforms) = preSolution
		Debug|Any CPU = Debug|Any CPU
		Release|Any CPU = Release|Any CPU
	EndGlobalSection
	GlobalSection(ProjectConfigurationPlatforms) = postSolution
		{30CF063B-1FF9-4332-919A-97CF518C12EF}.Debug|Any CPU.ActiveCfg = Debug|Any CPU
		{30CF063B-1FF9-4332-919A-97CF518C12EF}.Debug|Any CPU.Build.0 = Debug|Any CPU
		{30CF063B-1FF9-4332-919A-97CF518C12EF}.Release|Any CPU.ActiveCfg = Release|Any CPU
		{30CF063B-1FF9-4332-919A-97CF518C12EF}.Release|Any CPU.Build.0 = Release|Any CPU
	EndGlobalSection
	GlobalSection(SolutionProperties) = preSolution
		HideSolutionNode = FALSE
	EndGlobalSection
	GlobalSection(ExtensibilityGlobals) = postSolution
		SolutionGuid = {BCD70B5F-27F8-4CAD-98F9-0552F2760875}
	EndGlobalSection
EndGlobal
