
Microsoft Visual Studio Solution File, Format Version 12.00
# Visual Studio 15
VisualStudioVersion = 15.0.28010.2016
MinimumVisualStudioVersion = 10.0.40219.1
Project("{FAE04EC0-301F-11D3-BF4B-00C04F79EFBC}") = "PlusMinusZero", "PlusMinusZero\PlusMinusZero.csproj", "{966258AE-729E-40B2-93CC-C4EB313C7AD0}"
EndProject
Global
	GlobalSection(SolutionConfigurationPlatforms) = preSolution
		Debug|Any CPU = Debug|Any CPU
		Release|Any CPU = Release|Any CPU
	EndGlobalSection
	GlobalSection(ProjectConfigurationPlatforms) = postSolution
		{966258AE-729E-40B2-93CC-C4EB313C7AD0}.Debug|Any CPU.ActiveCfg = Debug|Any CPU
		{966258AE-729E-40B2-93CC-C4EB313C7AD0}.Debug|Any CPU.Build.0 = Debug|Any CPU
		{966258AE-729E-40B2-93CC-C4EB313C7AD0}.Release|Any CPU.ActiveCfg = Release|Any CPU
		{966258AE-729E-40B2-93CC-C4EB313C7AD0}.Release|Any CPU.Build.0 = Release|Any CPU
	EndGlobalSection
	GlobalSection(SolutionProperties) = preSolution
		HideSolutionNode = FALSE
	EndGlobalSection
	GlobalSection(ExtensibilityGlobals) = postSolution
		SolutionGuid = {6D6B89CC-9F3C-494C-A460-A1D9F7C03809}
	EndGlobalSection
EndGlobal
